// !$*UTF8*$!
{
	archiveVersion = 1;
	classes = {
	};
	objectVersion = 39;
	objects = {
		014CEA420018CDE011CA2923 = {
			buildRules = (
			);
			buildSettings = {
				GCC_ENABLE_FIX_AND_CONTINUE = YES;
				GCC_GENERATE_DEBUGGING_SYMBOLS = YES;
				GCC_OPTIMIZATION_LEVEL = 0;
				OTHER_CFLAGS = "\U0001-DDEBUG";
				PREBINDING = NO;
				UNSTRIPPED_PRODUCT = YES;
				ZERO_LINK = YES;
			};
			isa = PBXBuildStyle;
			name = Development;
		};
//010
//011
//012
//013
//014
//080
//081
//082
//083
//084
		089C1669FE841209C02AAC07 = {
			buildSettings = {
				MACOSX_DEPLOYMENT_TARGET = 10.2;
				SDKROOT = /Developer/SDKs/MacOSX10.2.7.sdk;
			};
			buildStyles = (
				F52BA31C037C62E801A35792,
				014CEA420018CDE011CA2923,
			);
			hasScannedForEncodings = 1;
			isa = PBXProject;
			knownRegions = (
				English,
				Japanese,
				French,
				German,
				zh_CN,
				Danish,
				Finnish,
				Italian,
				Korean,
				pt_BR,
				Spanish,
				zh_TW,
				Norwegian,
				Engligh,
			);
			mainGroup = 089C166AFE841209C02AAC07;
			productRefGroup = 089C166AFE841209C02AAC07;
			projectDirPath = "";
			targets = (
				1C51B46E052DE0CB00BB459B,
			);
		};
		089C166AFE841209C02AAC07 = {
			children = (
				F50B0A9F0170C89301A84BDE,
				F50B0AA00170C89301A84BDE,
				F50B0AA10170C89301A84BDE,
				089C1671FE841209C02AAC07,
				1CB2C8CC052DDA360094AAA4,
			);
			isa = PBXGroup;
			name = "Massinova Menu Extra";
			refType = 4;
			sourceTree = "<group>";
		};
		089C1671FE841209C02AAC07 = {
			children = (
				1058C7ACFEA557BF11CA2CBB,
				1058C7AEFEA557BF11CA2CBB,
			);
			isa = PBXGroup;
			name = "Frameworks & Libraries";
			refType = 4;
			sourceTree = "<group>";
		};
		089C1672FE841209C02AAC07 = {
			fallbackIsa = PBXFileReference;
			isa = PBXFrameworkReference;
			lastKnownFileType = wrapper.framework;
			name = Foundation.framework;
			path = /System/Library/Frameworks/Foundation.framework;
			refType = 0;
			sourceTree = "<absolute>";
		};
		089C167FFE841241C02AAC07 = {
			fallbackIsa = PBXFileReference;
			isa = PBXFrameworkReference;
			lastKnownFileType = wrapper.framework;
			name = AppKit.framework;
			path = /System/Library/Frameworks/AppKit.framework;
			refType = 0;
			sourceTree = "<absolute>";
		};
//080
//081
//082
//083
//084
//100
//101
//102
//103
//104
		1058C7ACFEA557BF11CA2CBB = {
			children = (
				1CB61DB7059D2DC400FE75AD,
				1058C7ADFEA557BF11CA2CBB,
				F5A89F1C019302BD01EE70DE,
				1CCB3C3705228EFD000001C8,
			);
			isa = PBXGroup;
			name = "Linked Frameworks";
			refType = 4;
			sourceTree = "<group>";
		};
		1058C7ADFEA557BF11CA2CBB = {
			fallbackIsa = PBXFileReference;
			isa = PBXFrameworkReference;
			lastKnownFileType = wrapper.framework;
			name = Cocoa.framework;
			path = /System/Library/Frameworks/Cocoa.framework;
			refType = 0;
			sourceTree = "<absolute>";
		};
		1058C7AEFEA557BF11CA2CBB = {
			children = (
				089C1672FE841209C02AAC07,
				089C167FFE841241C02AAC07,
			);
			isa = PBXGroup;
			name = "Other Frameworks";
			refType = 4;
			sourceTree = "<group>";
		};
//100
//101
//102
//103
//104
//1C0
//1C1
//1C2
//1C3
//1C4
		1C1C564F059EA8C9002FBEFB = {
			fileEncoding = 4;
			isa = PBXFileReference;
			lastKnownFileType = sourcecode.c.h;
			path = MVChatScriptPlugin.h;
			refType = 4;
			sourceTree = "<group>";
		};
		1C1C5650059EA8C9002FBEFB = {
			fileEncoding = 4;
			isa = PBXFileReference;
			lastKnownFileType = sourcecode.c.objc;
			path = MVChatScriptPlugin.m;
			refType = 4;
			sourceTree = "<group>";
		};
		1C1C5651059EA8C9002FBEFB = {
			fileRef = 1C1C564F059EA8C9002FBEFB;
			isa = PBXBuildFile;
			settings = {
				ATTRIBUTES = (
					Public,
				);
			};
		};
		1C1C5652059EA8C9002FBEFB = {
			fileRef = 1C1C5650059EA8C9002FBEFB;
			isa = PBXBuildFile;
			settings = {
			};
		};
		1C2EF7EB0427A40B00000102 = {
			fileEncoding = 4;
			isa = PBXFileReference;
			lastKnownFileType = sourcecode.c.h;
			path = MVChatPluginManager.h;
			refType = 4;
			sourceTree = "<group>";
		};
		1C2EF7EC0427A40B00000102 = {
			fileEncoding = 4;
			isa = PBXFileReference;
			lastKnownFileType = sourcecode.c.objc;
			path = MVChatPluginManager.m;
			refType = 4;
			sourceTree = "<group>";
		};
		1C51B46E052DE0CB00BB459B = {
			buildPhases = (
				1C51B46F052DE0CB00BB459B,
				1C51B47A052DE0CB00BB459B,
				1C51B47B052DE0CB00BB459B,
				1C51B484052DE0CB00BB459B,
				1C51B488052DE0CB00BB459B,
			);
			buildRules = (
			);
			buildSettings = {
				DYLIB_COMPATIBILITY_VERSION = 1;
				DYLIB_CURRENT_VERSION = 1;
				FRAMEWORK_VERSION = A;
				GCC_PREPROCESSOR_DEFINITIONS = DISABLE_TOC_PROTOCOL;
				GCC_WARN_FOUR_CHARACTER_CONSTANTS = NO;
				GCC_WARN_UNKNOWN_PRAGMAS = NO;
				INFOPLIST_FILE = "Resources/Info-ChatCore.plist";
				INSTALL_PATH = "@executable_path/../Frameworks";
				OTHER_CFLAGS = "-fconstant-cfstrings";
				OTHER_LDFLAGS = "-seg1addr 0x10000000";
				OTHER_LIBTOOL_FLAGS = "";
				OTHER_REZFLAGS = "";
				PRINCIPAL_CLASS = "";
				PRODUCT_NAME = ChatCore;
				SECTORDER_FLAGS = "";
				WARNING_CFLAGS = "-Wmost";
				WRAPPER_EXTENSION = framework;
				ZERO_LINK = NO;
			};
			dependencies = (
			);
			isa = PBXNativeTarget;
			name = "Chat Core (Framework)";
			productInstallPath = "@executable_path/../Frameworks";
			productName = "Chat Core (Framework)";
			productReference = 1C51B48B052DE0CB00BB459B;
			productType = "com.apple.product-type.framework";
		};
		1C51B46F052DE0CB00BB459B = {
			buildActionMask = 2147483647;
			files = (
				1C51B470052DE0CB00BB459B,
				1C51B471052DE0CB00BB459B,
				1C51B472052DE0CB00BB459B,
				1C51B473052DE0CB00BB459B,
				1C51B474052DE0CB00BB459B,
				1C51B475052DE0CB00BB459B,
				1C51B476052DE0CB00BB459B,
				1C51B477052DE0CB00BB459B,
				1C51B479052DE0CB00BB459B,
				1CD020B405759347000F93B4,
				1CD020BE057593A9000F93B4,
				1C1C5651059EA8C9002FBEFB,
			);
			isa = PBXHeadersBuildPhase;
			runOnlyForDeploymentPostprocessing = 0;
		};
		1C51B470052DE0CB00BB459B = {
			fileRef = F52D043101873FC401EE70DE;
			isa = PBXBuildFile;
			settings = {
				ATTRIBUTES = (
					Public,
				);
			};
		};
		1C51B471052DE0CB00BB459B = {
			fileRef = 1C2EF7EB0427A40B00000102;
			isa = PBXBuildFile;
			settings = {
				ATTRIBUTES = (
					Public,
				);
			};
		};
		1C51B472052DE0CB00BB459B = {
			fileRef = F50AC514037E2E3801A35792;
			isa = PBXBuildFile;
			settings = {
			};
		};
		1C51B473052DE0CB00BB459B = {
			fileRef = F52BA287037C13C201A35792;
			isa = PBXBuildFile;
			settings = {
			};
		};
		1C51B474052DE0CB00BB459B = {
			fileRef = F52BA28D037C13C201A35792;
			isa = PBXBuildFile;
			settings = {
			};
		};
		1C51B475052DE0CB00BB459B = {
			fileRef = 1CCB3C1505227E74000001C8;
			isa = PBXBuildFile;
			settings = {
			};
		};
		1C51B476052DE0CB00BB459B = {
			fileRef = F52BA281037C13C201A35792;
			isa = PBXBuildFile;
			settings = {
			};
		};
		1C51B477052DE0CB00BB459B = {
			fileRef = F52BA283037C13C201A35792;
			isa = PBXBuildFile;
			settings = {
			};
		};
		1C51B479052DE0CB00BB459B = {
			fileRef = F5E98623018B412B01EE70DE;
			isa = PBXBuildFile;
			settings = {
				ATTRIBUTES = (
					Public,
				);
			};
		};
		1C51B47A052DE0CB00BB459B = {
			buildActionMask = 2147483647;
			files = (
				1CCA51800598AFBA00F0A4CD,
				1CCA51810598AFBA00F0A4CD,
			);
			isa = PBXResourcesBuildPhase;
			runOnlyForDeploymentPostprocessing = 0;
		};
		1C51B47B052DE0CB00BB459B = {
			buildActionMask = 2147483647;
			files = (
				1C51B47C052DE0CB00BB459B,
				1C51B47D052DE0CB00BB459B,
				1C51B47E052DE0CB00BB459B,
				1C51B47F052DE0CB00BB459B,
				1C51B480052DE0CB00BB459B,
				1C51B481052DE0CB00BB459B,
				1C51B482052DE0CB00BB459B,
				1C51B483052DE0CB00BB459B,
				1CD020B505759347000F93B4,
				1CD020C0057593F9000F93B4,
				1C1C5652059EA8C9002FBEFB,
			);
			isa = PBXSourcesBuildPhase;
			runOnlyForDeploymentPostprocessing = 0;
		};
		1C51B47C052DE0CB00BB459B = {
			fileRef = F52D043001873FC401EE70DE;
			isa = PBXBuildFile;
			settings = {
			};
		};
		1C51B47D052DE0CB00BB459B = {
			fileRef = 1C2EF7EC0427A40B00000102;
			isa = PBXBuildFile;
			settings = {
			};
		};
		1C51B47E052DE0CB00BB459B = {
			fileRef = F50AC513037E2E3801A35792;
			isa = PBXBuildFile;
			settings = {
			};
		};
		1C51B47F052DE0CB00BB459B = {
			fileRef = F52BA286037C13C201A35792;
			isa = PBXBuildFile;
			settings = {
			};
		};
		1C51B480052DE0CB00BB459B = {
			fileRef = F52BA28C037C13C201A35792;
			isa = PBXBuildFile;
			settings = {
			};
		};
		1C51B481052DE0CB00BB459B = {
			fileRef = 1CCB3C1605227E74000001C8;
			isa = PBXBuildFile;
			settings = {
			};
		};
		1C51B482052DE0CB00BB459B = {
			fileRef = F52BA282037C13C201A35792;
			isa = PBXBuildFile;
			settings = {
			};
		};
		1C51B483052DE0CB00BB459B = {
			fileRef = F5E98622018B412B01EE70DE;
			isa = PBXBuildFile;
			settings = {
			};
		};
		1C51B484052DE0CB00BB459B = {
			buildActionMask = 2147483647;
			files = (
				1C51B485052DE0CB00BB459B,
				1C51B486052DE0CB00BB459B,
				1C51B487052DE0CB00BB459B,
				1CB61DB8059D2DC400FE75AD,
			);
			isa = PBXFrameworksBuildPhase;
			runOnlyForDeploymentPostprocessing = 0;
		};
		1C51B485052DE0CB00BB459B = {
			fileRef = 1CCB3C3705228EFD000001C8;
			isa = PBXBuildFile;
			settings = {
			};
		};
		1C51B486052DE0CB00BB459B = {
			fileRef = F5A89F1C019302BD01EE70DE;
			isa = PBXBuildFile;
			settings = {
			};
		};
		1C51B487052DE0CB00BB459B = {
			fileRef = 1058C7ADFEA557BF11CA2CBB;
			isa = PBXBuildFile;
			settings = {
			};
		};
		1C51B488052DE0CB00BB459B = {
			buildActionMask = 2147483647;
			files = (
			);
			isa = PBXRezBuildPhase;
			runOnlyForDeploymentPostprocessing = 0;
		};
		1C51B48A052DE0CB00BB459B = {
			isa = PBXFileReference;
			lastKnownFileType = text.plist;
			name = "Info-ChatCore.plist";
			path = "Resources/Info-ChatCore.plist";
			refType = 2;
			sourceTree = SOURCE_ROOT;
		};
		1C51B48B052DE0CB00BB459B = {
			explicitFileType = wrapper.framework;
			includeInIndex = 0;
			isa = PBXFileReference;
			path = ChatCore.framework;
			refType = 3;
			sourceTree = BUILT_PRODUCTS_DIR;
		};
		1CB2C8CC052DDA360094AAA4 = {
			children = (
				1C51B48B052DE0CB00BB459B,
			);
			isa = PBXGroup;
			name = Products;
			refType = 4;
			sourceTree = "<group>";
		};
		1CB61DB7059D2DC400FE75AD = {
			isa = PBXFileReference;
			lastKnownFileType = wrapper.framework;
			name = WebKit.framework;
			path = /System/Library/Frameworks/WebKit.framework;
			refType = 0;
			sourceTree = "<absolute>";
		};
		1CB61DB8059D2DC400FE75AD = {
			fileRef = 1CB61DB7059D2DC400FE75AD;
			isa = PBXBuildFile;
			settings = {
			};
		};
		1CCA517E0598AFBA00F0A4CD = {
			fileEncoding = 4;
			isa = PBXFileReference;
			lastKnownFileType = text.plist.xml;
			name = ChatCore.scriptSuite;
			path = Resources/ChatCore.scriptSuite;
			refType = 4;
			sourceTree = "<group>";
		};
		1CCA517F0598AFBA00F0A4CD = {
			fileEncoding = 4;
			isa = PBXFileReference;
			lastKnownFileType = text.plist.xml;
			name = ChatCore.scriptTerminology;
			path = Resources/ChatCore.scriptTerminology;
			refType = 4;
			sourceTree = "<group>";
		};
		1CCA51800598AFBA00F0A4CD = {
			fileRef = 1CCA517E0598AFBA00F0A4CD;
			isa = PBXBuildFile;
			settings = {
			};
		};
		1CCA51810598AFBA00F0A4CD = {
			fileRef = 1CCA517F0598AFBA00F0A4CD;
			isa = PBXBuildFile;
			settings = {
			};
		};
		1CCB3C1505227E74000001C8 = {
			fileEncoding = 4;
			isa = PBXFileReference;
			lastKnownFileType = sourcecode.c.h;
			path = proxy.h;
			refType = 4;
			sourceTree = "<group>";
		};
		1CCB3C1605227E74000001C8 = {
			fileEncoding = 4;
			isa = PBXFileReference;
			lastKnownFileType = sourcecode.c.objc;
			path = proxy.m;
			refType = 4;
			sourceTree = "<group>";
		};
		1CCB3C3705228EFD000001C8 = {
			fallbackIsa = PBXFileReference;
			isa = PBXFrameworkReference;
			lastKnownFileType = wrapper.framework;
			name = SystemConfiguration.framework;
			path = /System/Library/Frameworks/SystemConfiguration.framework;
			refType = 0;
			sourceTree = "<absolute>";
		};
		1CD020B205759347000F93B4 = {
			fileEncoding = 30;
			isa = PBXFileReference;
			lastKnownFileType = sourcecode.c.h;
			path = NSStringAdditions.h;
			refType = 4;
			sourceTree = "<group>";
		};
		1CD020B305759347000F93B4 = {
			fileEncoding = 30;
			isa = PBXFileReference;
			lastKnownFileType = sourcecode.c.objc;
			path = NSStringAdditions.m;
			refType = 4;
			sourceTree = "<group>";
		};
		1CD020B405759347000F93B4 = {
			fileRef = 1CD020B205759347000F93B4;
			isa = PBXBuildFile;
			settings = {
				ATTRIBUTES = (
					Public,
				);
			};
		};
		1CD020B505759347000F93B4 = {
			fileRef = 1CD020B305759347000F93B4;
			isa = PBXBuildFile;
			settings = {
			};
		};
		1CD020BC057593A9000F93B4 = {
			fileEncoding = 30;
			isa = PBXFileReference;
			lastKnownFileType = sourcecode.c.h;
			path = NSColorAdditions.h;
			refType = 4;
			sourceTree = "<group>";
		};
		1CD020BD057593A9000F93B4 = {
			fileEncoding = 30;
			isa = PBXFileReference;
			lastKnownFileType = sourcecode.c.objc;
			path = NSColorAdditions.m;
			refType = 4;
			sourceTree = "<group>";
		};
		1CD020BE057593A9000F93B4 = {
			fileRef = 1CD020BC057593A9000F93B4;
			isa = PBXBuildFile;
			settings = {
				ATTRIBUTES = (
					Public,
				);
			};
		};
		1CD020C0057593F9000F93B4 = {
			fileRef = 1CD020BD057593A9000F93B4;
			isa = PBXBuildFile;
			settings = {
			};
		};
//1C0
//1C1
//1C2
//1C3
//1C4
//F50
//F51
//F52
//F53
//F54
		F50AC513037E2E3801A35792 = {
			fileEncoding = 4;
			isa = PBXFileReference;
			lastKnownFileType = sourcecode.c.c;
			name = dummy.c;
			path = "Other Code/firetalk (cvs)/dummy.c";
			refType = 2;
			sourceTree = SOURCE_ROOT;
		};
		F50AC514037E2E3801A35792 = {
			fileEncoding = 4;
			isa = PBXFileReference;
			lastKnownFileType = sourcecode.c.h;
			name = dummy.h;
			path = "Other Code/firetalk (cvs)/dummy.h";
			refType = 2;
			sourceTree = SOURCE_ROOT;
		};
		F50B0A9F0170C89301A84BDE = {
			children = (
				F52BA273037C13C201A35792,
				F52D043001873FC401EE70DE,
				F52D043101873FC401EE70DE,
				1C2EF7EC0427A40B00000102,
				1C2EF7EB0427A40B00000102,
				1C1C5650059EA8C9002FBEFB,
				1C1C564F059EA8C9002FBEFB,
			);
			isa = PBXGroup;
			name = "Sources & Headers";
			path = "";
			refType = 4;
			sourceTree = "<group>";
		};
		F50B0AA00170C89301A84BDE = {
			children = (
				F5E98622018B412B01EE70DE,
				F5E98623018B412B01EE70DE,
				1CD020B305759347000F93B4,
				1CD020B205759347000F93B4,
				1CD020BD057593A9000F93B4,
				1CD020BC057593A9000F93B4,
			);
			isa = PBXGroup;
			name = "Other Sources & Additions";
			path = "";
			refType = 4;
			sourceTree = "<group>";
		};
		F50B0AA10170C89301A84BDE = {
			children = (
				F52BA284037C13C201A35792,
				1C51B48A052DE0CB00BB459B,
				1CCA517E0598AFBA00F0A4CD,
				1CCA517F0598AFBA00F0A4CD,
			);
			isa = PBXGroup;
			name = Resources;
			path = "";
			refType = 4;
			sourceTree = "<group>";
		};
		F52BA273037C13C201A35792 = {
			children = (
				F52BA282037C13C201A35792,
				F52BA283037C13C201A35792,
				F52BA281037C13C201A35792,
				1CCB3C1605227E74000001C8,
				1CCB3C1505227E74000001C8,
				F52BA28C037C13C201A35792,
				F52BA28D037C13C201A35792,
				F52BA286037C13C201A35792,
				F52BA287037C13C201A35792,
				F50AC513037E2E3801A35792,
				F50AC514037E2E3801A35792,
			);
			isa = PBXGroup;
			name = "Firetalk Library";
			path = "Other Code/firetalk (cvs)";
			refType = 2;
			sourceTree = SOURCE_ROOT;
		};
		F52BA281037C13C201A35792 = {
			fileEncoding = 4;
			isa = PBXFileReference;
			lastKnownFileType = sourcecode.c.h;
			path = "firetalk-int.h";
			refType = 4;
			sourceTree = "<group>";
		};
		F52BA282037C13C201A35792 = {
			fileEncoding = 4;
			isa = PBXFileReference;
			lastKnownFileType = sourcecode.c.c;
			path = firetalk.c;
			refType = 4;
			sourceTree = "<group>";
		};
		F52BA283037C13C201A35792 = {
			fileEncoding = 4;
			isa = PBXFileReference;
			lastKnownFileType = sourcecode.c.h;
			path = firetalk.h;
			refType = 4;
			sourceTree = "<group>";
		};
		F52BA284037C13C201A35792 = {
			fileEncoding = 4;
			isa = PBXFileReference;
			lastKnownFileType = text;
			name = GPL;
			path = "Other Code/firetalk (cvs)/GPL";
			refType = 4;
			sourceTree = "<group>";
		};
		F52BA286037C13C201A35792 = {
			fileEncoding = 4;
			isa = PBXFileReference;
			lastKnownFileType = sourcecode.c.c;
			path = irc.c;
			refType = 4;
			sourceTree = "<group>";
		};
		F52BA287037C13C201A35792 = {
			fileEncoding = 4;
			isa = PBXFileReference;
			lastKnownFileType = sourcecode.c.h;
			path = irc.h;
			refType = 4;
			sourceTree = "<group>";
		};
		F52BA28C037C13C201A35792 = {
			fileEncoding = 4;
			isa = PBXFileReference;
			lastKnownFileType = sourcecode.c.c;
			path = safestring.c;
			refType = 4;
			sourceTree = "<group>";
		};
		F52BA28D037C13C201A35792 = {
			fileEncoding = 4;
			isa = PBXFileReference;
			lastKnownFileType = sourcecode.c.h;
			path = safestring.h;
			refType = 4;
			sourceTree = "<group>";
		};
		F52BA31C037C62E801A35792 = {
			buildRules = (
			);
			buildSettings = {
				GCC_ALTIVEC_EXTENSIONS = YES;
				GCC_ENABLE_FIX_AND_CONTINUE = NO;
				GCC_GENERATE_DEBUGGING_SYMBOLS = NO;
				GCC_OPTIMIZATION_LEVEL = s;
				PREBINDING = YES;
				UNSTRIPPED_PRODUCT = NO;
				ZERO_LINK = NO;
			};
			isa = PBXBuildStyle;
			name = Deployment;
		};
		F52D043001873FC401EE70DE = {
			fileEncoding = 4;
			isa = PBXFileReference;
			lastKnownFileType = sourcecode.c.objc;
			path = MVChatConnection.m;
			refType = 4;
			sourceTree = "<group>";
		};
		F52D043101873FC401EE70DE = {
			fileEncoding = 4;
			isa = PBXFileReference;
			lastKnownFileType = sourcecode.c.h;
			path = MVChatConnection.h;
			refType = 4;
			sourceTree = "<group>";
		};
		F5A89F1C019302BD01EE70DE = {
			fallbackIsa = PBXFileReference;
			isa = PBXFrameworkReference;
			lastKnownFileType = wrapper.framework;
			name = IOKit.framework;
			path = /System/Library/Frameworks/IOKit.framework;
			refType = 0;
			sourceTree = "<absolute>";
		};
		F5E98622018B412B01EE70DE = {
			fileEncoding = 4;
			isa = PBXFileReference;
			lastKnownFileType = sourcecode.c.objc;
			path = NSAttributedStringAdditions.m;
			refType = 4;
			sourceTree = "<group>";
		};
		F5E98623018B412B01EE70DE = {
			fileEncoding = 4;
			isa = PBXFileReference;
			lastKnownFileType = sourcecode.c.h;
			path = NSAttributedStringAdditions.h;
			refType = 4;
			sourceTree = "<group>";
		};
	};
	rootObject = 089C1669FE841209C02AAC07;
}
